
Microsoft Visual Studio Solution File, Format Version 12.00
# Visual Studio 15
VisualStudioVersion = 15.0.27004.2006
MinimumVisualStudioVersion = 10.0.40219.1
Project("{FAE04EC0-301F-11D3-BF4B-00C04F79EFBC}") = "DutyRoster", "DutyRoster\DutyRoster.csproj", "{DC9412CA-CF78-4720-B540-AE006B1F9A2F}"
EndProject
Project("{FAE04EC0-301F-11D3-BF4B-00C04F79EFBC}") = "DutyRoster.Tests", "DutyRoster.Tests\DutyRoster.Tests.csproj", "{C23E6034-8B58-49F7-95EC-6B15D7189CD0}"
EndProject
Global
	GlobalSection(SolutionConfigurationPlatforms) = preSolution
		Debug|Any CPU = Debug|Any CPU
		Release|Any CPU = Release|Any CPU
	EndGlobalSection
	GlobalSection(ProjectConfigurationPlatforms) = postSolution
		{DC9412CA-CF78-4720-B540-AE006B1F9A2F}.Debug|Any CPU.ActiveCfg = Debug|Any CPU
		{DC9412CA-CF78-4720-B540-AE006B1F9A2F}.Debug|Any CPU.Build.0 = Debug|Any CPU
		{DC9412CA-CF78-4720-B540-AE006B1F9A2F}.Release|Any CPU.ActiveCfg = Release|Any CPU
		{DC9412CA-CF78-4720-B540-AE006B1F9A2F}.Release|Any CPU.Build.0 = Release|Any CPU
		{C23E6034-8B58-49F7-95EC-6B15D7189CD0}.Debug|Any CPU.ActiveCfg = Debug|Any CPU
		{C23E6034-8B58-49F7-95EC-6B15D7189CD0}.Debug|Any CPU.Build.0 = Debug|Any CPU
		{C23E6034-8B58-49F7-95EC-6B15D7189CD0}.Release|Any CPU.ActiveCfg = Release|Any CPU
		{C23E6034-8B58-49F7-95EC-6B15D7189CD0}.Release|Any CPU.Build.0 = Release|Any CPU
	EndGlobalSection
	GlobalSection(SolutionProperties) = preSolution
		HideSolutionNode = FALSE
	EndGlobalSection
	GlobalSection(ExtensibilityGlobals) = postSolution
		SolutionGuid = {E0B09989-F247-4864-B653-61449D5B6DF9}
	EndGlobalSection
EndGlobal
